
Microsoft Visual Studio Solution File, Format Version 12.00
# Visual Studio Version 17
VisualStudioVersion = 17.4.33122.133
MinimumVisualStudioVersion = 10.0.40219.1
Project("{FAE04EC0-301F-11D3-BF4B-00C04F79EFBC}") = "ATM.Razor.App", "ATM.Razor.App\ATM.Razor.App.csproj", "{0590200F-6E1A-4548-986D-6A687057AEBE}"
EndProject
Global
	GlobalSection(SolutionConfigurationPlatforms) = preSolution
		Debug|Any CPU = Debug|Any CPU
		Release|Any CPU = Release|Any CPU
	EndGlobalSection
	GlobalSection(ProjectConfigurationPlatforms) = postSolution
		{0590200F-6E1A-4548-986D-6A687057AEBE}.Debug|Any CPU.ActiveCfg = Debug|Any CPU
		{0590200F-6E1A-4548-986D-6A687057AEBE}.Debug|Any CPU.Build.0 = Debug|Any CPU
		{0590200F-6E1A-4548-986D-6A687057AEBE}.Release|Any CPU.ActiveCfg = Release|Any CPU
		{0590200F-6E1A-4548-986D-6A687057AEBE}.Release|Any CPU.Build.0 = Release|Any CPU
	EndGlobalSection
	GlobalSection(SolutionProperties) = preSolution
		HideSolutionNode = FALSE
	EndGlobalSection
	GlobalSection(ExtensibilityGlobals) = postSolution
		SolutionGuid = {BD1F7898-E8FF-49A7-8571-3568D57474E1}
	EndGlobalSection
EndGlobal
